
Microsoft Visual Studio Solution File, Format Version 12.00
# Visual Studio Version 17
VisualStudioVersion = 17.2.32505.173
MinimumVisualStudioVersion = 10.0.40219.1
Project("{2150E333-8FDC-42A3-9474-1A3956D46DE8}") = "src", "src", "{93B4372B-BD7A-4208-872C-B141A6C97598}"
EndProject
Project("{2150E333-8FDC-42A3-9474-1A3956D46DE8}") = "Building Blocks", "Building Blocks", "{8177073F-E1B5-4FBF-A991-808873BE77BE}"
EndProject
Project("{2150E333-8FDC-42A3-9474-1A3956D46DE8}") = "Services", "Services", "{2270292A-0709-402F-8F93-6B7695E85E38}"
EndProject
Project("{2150E333-8FDC-42A3-9474-1A3956D46DE8}") = "Web", "Web", "{651C9795-1797-4C98-85C5-ECC934DB88DA}"
EndProject
Project("{2150E333-8FDC-42A3-9474-1A3956D46DE8}") = "Tests", "Tests", "{B6CB441A-CC83-436E-8974-DE2A01AD74DD}"
EndProject
Project("{2150E333-8FDC-42A3-9474-1A3956D46DE8}") = "Identity", "Identity", "{0B37FB4F-8683-46BC-9B0A-27B14F4A3D19}"
EndProject
Project("{9A19103F-16F7-4668-BE54-9A1E7A4F7556}") = "PS.WebApp", "src\Web\PS.WebApp\PS.WebApp.csproj", "{972CB977-2CD7-4299-ACAE-DBAD8D8498E1}"
EndProject
Project("{2150E333-8FDC-42A3-9474-1A3956D46DE8}") = "Core", "Core", "{CC35E861-88C1-4632-BA57-E2BF5B37DC6A}"
EndProject
Project("{2150E333-8FDC-42A3-9474-1A3956D46DE8}") = "ApiGateways", "ApiGateways", "{BA676690-8034-42E4-9BFB-9688F19C9C23}"
EndProject
Project("{2150E333-8FDC-42A3-9474-1A3956D46DE8}") = "Client", "Client", "{12272AC7-E7BC-4062-95AC-F071C742E169}"
EndProject
Project("{9A19103F-16F7-4668-BE54-9A1E7A4F7556}") = "PS.Client.API", "src\Services\PS.Client.API\PS.Client.API.csproj", "{EEDC9D88-4F61-458E-AE20-80B58B781A28}"
EndProject
Project("{9A19103F-16F7-4668-BE54-9A1E7A4F7556}") = "PS.Core", "src\Building Blocks\PS.Core\PS.Core.csproj", "{9E9D55B6-3768-4434-AA5E-6C1A1D88DBBD}"
EndProject
Project("{9A19103F-16F7-4668-BE54-9A1E7A4F7556}") = "PS.Identity.API", "src\Services\PS.Identity.API\PS.Identity.API.csproj", "{4B6A51E4-3E5A-4957-9B70-4B0C4F08B6A0}"
EndProject
Project("{9A19103F-16F7-4668-BE54-9A1E7A4F7556}") = "PS.Tests", "src\Tests\PS.Tests\PS.Tests.csproj", "{B662D239-E134-444D-9231-7A555CA6E15E}"
EndProject
Project("{2150E333-8FDC-42A3-9474-1A3956D46DE8}") = "Services", "Services", "{37F1CF65-9DC2-4E2B-BA6E-9D330E132CD1}"
EndProject
Project("{9A19103F-16F7-4668-BE54-9A1E7A4F7556}") = "PS.WebApi.Core", "src\Building Blocks\PS.WebApi.Core\PS.WebApi.Core.csproj", "{CD8F9EED-2CDC-4E3A-B865-863B16FA10D5}"
EndProject
Project("{2150E333-8FDC-42A3-9474-1A3956D46DE8}") = "MessageBus", "MessageBus", "{814BB91A-8167-45FF-A2E5-7CF80A3CD1BB}"
EndProject
Project("{9A19103F-16F7-4668-BE54-9A1E7A4F7556}") = "PS.MessageBus", "src\Building Blocks\PS.MessageBus\PS.MessageBus.csproj", "{3BF0607D-83CE-43A1-AE73-935EC66F9370}"
EndProject
Project("{2150E333-8FDC-42A3-9474-1A3956D46DE8}") = "Catalog", "Catalog", "{C8C4E965-67D8-484B-9FFF-3671B832875D}"
EndProject
Project("{9A19103F-16F7-4668-BE54-9A1E7A4F7556}") = "PS.Catalog.API", "src\Services\PS.Catalog.API\PS.Catalog.API.csproj", "{24C115FA-E6B6-459A-8AB1-423D941AEF04}"
EndProject
Project("{2150E333-8FDC-42A3-9474-1A3956D46DE8}") = "Cart", "Cart", "{920EA1BC-239A-4D9B-B40F-7027DD4ACD44}"
EndProject
Project("{9A19103F-16F7-4668-BE54-9A1E7A4F7556}") = "PS.Cart", "src\Services\PS.Cart\PS.Cart.csproj", "{6DEEF0BF-5EEA-4BD8-8D8E-76A6173D0452}"
EndProject
Project("{2150E333-8FDC-42A3-9474-1A3956D46DE8}") = "Compras", "Compras", "{F6F2D25B-AFAE-44D2-A6DA-73E8B473D5FD}"
EndProject
Project("{FAE04EC0-301F-11D3-BF4B-00C04F79EFBC}") = "PS.Bff.Compras", "src\ApiGateways\PS.Bff.Compras\PS.Bff.Compras.csproj", "{60B9E561-51C2-4044-AB00-06F1D91C5627}"
EndProject
Global
	GlobalSection(SolutionConfigurationPlatforms) = preSolution
		Debug|Any CPU = Debug|Any CPU
		Release|Any CPU = Release|Any CPU
	EndGlobalSection
	GlobalSection(ProjectConfigurationPlatforms) = postSolution
		{972CB977-2CD7-4299-ACAE-DBAD8D8498E1}.Debug|Any CPU.ActiveCfg = Debug|Any CPU
		{972CB977-2CD7-4299-ACAE-DBAD8D8498E1}.Debug|Any CPU.Build.0 = Debug|Any CPU
		{972CB977-2CD7-4299-ACAE-DBAD8D8498E1}.Release|Any CPU.ActiveCfg = Release|Any CPU
		{972CB977-2CD7-4299-ACAE-DBAD8D8498E1}.Release|Any CPU.Build.0 = Release|Any CPU
		{EEDC9D88-4F61-458E-AE20-80B58B781A28}.Debug|Any CPU.ActiveCfg = Debug|Any CPU
		{EEDC9D88-4F61-458E-AE20-80B58B781A28}.Debug|Any CPU.Build.0 = Debug|Any CPU
		{EEDC9D88-4F61-458E-AE20-80B58B781A28}.Release|Any CPU.ActiveCfg = Release|Any CPU
		{EEDC9D88-4F61-458E-AE20-80B58B781A28}.Release|Any CPU.Build.0 = Release|Any CPU
		{9E9D55B6-3768-4434-AA5E-6C1A1D88DBBD}.Debug|Any CPU.ActiveCfg = Debug|Any CPU
		{9E9D55B6-3768-4434-AA5E-6C1A1D88DBBD}.Debug|Any CPU.Build.0 = Debug|Any CPU
		{9E9D55B6-3768-4434-AA5E-6C1A1D88DBBD}.Release|Any CPU.ActiveCfg = Release|Any CPU
		{9E9D55B6-3768-4434-AA5E-6C1A1D88DBBD}.Release|Any CPU.Build.0 = Release|Any CPU
		{4B6A51E4-3E5A-4957-9B70-4B0C4F08B6A0}.Debug|Any CPU.ActiveCfg = Debug|Any CPU
		{4B6A51E4-3E5A-4957-9B70-4B0C4F08B6A0}.Debug|Any CPU.Build.0 = Debug|Any CPU
		{4B6A51E4-3E5A-4957-9B70-4B0C4F08B6A0}.Release|Any CPU.ActiveCfg = Release|Any CPU
		{4B6A51E4-3E5A-4957-9B70-4B0C4F08B6A0}.Release|Any CPU.Build.0 = Release|Any CPU
		{B662D239-E134-444D-9231-7A555CA6E15E}.Debug|Any CPU.ActiveCfg = Debug|Any CPU
		{B662D239-E134-444D-9231-7A555CA6E15E}.Debug|Any CPU.Build.0 = Debug|Any CPU
		{B662D239-E134-444D-9231-7A555CA6E15E}.Release|Any CPU.ActiveCfg = Release|Any CPU
		{B662D239-E134-444D-9231-7A555CA6E15E}.Release|Any CPU.Build.0 = Release|Any CPU
		{CD8F9EED-2CDC-4E3A-B865-863B16FA10D5}.Debug|Any CPU.ActiveCfg = Debug|Any CPU
		{CD8F9EED-2CDC-4E3A-B865-863B16FA10D5}.Debug|Any CPU.Build.0 = Debug|Any CPU
		{CD8F9EED-2CDC-4E3A-B865-863B16FA10D5}.Release|Any CPU.ActiveCfg = Release|Any CPU
		{CD8F9EED-2CDC-4E3A-B865-863B16FA10D5}.Release|Any CPU.Build.0 = Release|Any CPU
		{3BF0607D-83CE-43A1-AE73-935EC66F9370}.Debug|Any CPU.ActiveCfg = Debug|Any CPU
		{3BF0607D-83CE-43A1-AE73-935EC66F9370}.Debug|Any CPU.Build.0 = Debug|Any CPU
		{3BF0607D-83CE-43A1-AE73-935EC66F9370}.Release|Any CPU.ActiveCfg = Release|Any CPU
		{3BF0607D-83CE-43A1-AE73-935EC66F9370}.Release|Any CPU.Build.0 = Release|Any CPU
		{24C115FA-E6B6-459A-8AB1-423D941AEF04}.Debug|Any CPU.ActiveCfg = Debug|Any CPU
		{24C115FA-E6B6-459A-8AB1-423D941AEF04}.Debug|Any CPU.Build.0 = Debug|Any CPU
		{24C115FA-E6B6-459A-8AB1-423D941AEF04}.Release|Any CPU.ActiveCfg = Release|Any CPU
		{24C115FA-E6B6-459A-8AB1-423D941AEF04}.Release|Any CPU.Build.0 = Release|Any CPU
		{6DEEF0BF-5EEA-4BD8-8D8E-76A6173D0452}.Debug|Any CPU.ActiveCfg = Debug|Any CPU
		{6DEEF0BF-5EEA-4BD8-8D8E-76A6173D0452}.Debug|Any CPU.Build.0 = Debug|Any CPU
		{6DEEF0BF-5EEA-4BD8-8D8E-76A6173D0452}.Release|Any CPU.ActiveCfg = Release|Any CPU
		{6DEEF0BF-5EEA-4BD8-8D8E-76A6173D0452}.Release|Any CPU.Build.0 = Release|Any CPU
		{60B9E561-51C2-4044-AB00-06F1D91C5627}.Debug|Any CPU.ActiveCfg = Debug|Any CPU
		{60B9E561-51C2-4044-AB00-06F1D91C5627}.Debug|Any CPU.Build.0 = Debug|Any CPU
		{60B9E561-51C2-4044-AB00-06F1D91C5627}.Release|Any CPU.ActiveCfg = Release|Any CPU
		{60B9E561-51C2-4044-AB00-06F1D91C5627}.Release|Any CPU.Build.0 = Release|Any CPU
	EndGlobalSection
	GlobalSection(SolutionProperties) = preSolution
		HideSolutionNode = FALSE
	EndGlobalSection
	GlobalSection(NestedProjects) = preSolution
		{8177073F-E1B5-4FBF-A991-808873BE77BE} = {93B4372B-BD7A-4208-872C-B141A6C97598}
		{2270292A-0709-402F-8F93-6B7695E85E38} = {93B4372B-BD7A-4208-872C-B141A6C97598}
		{651C9795-1797-4C98-85C5-ECC934DB88DA} = {93B4372B-BD7A-4208-872C-B141A6C97598}
		{B6CB441A-CC83-436E-8974-DE2A01AD74DD} = {93B4372B-BD7A-4208-872C-B141A6C97598}
		{0B37FB4F-8683-46BC-9B0A-27B14F4A3D19} = {2270292A-0709-402F-8F93-6B7695E85E38}
		{972CB977-2CD7-4299-ACAE-DBAD8D8498E1} = {651C9795-1797-4C98-85C5-ECC934DB88DA}
		{CC35E861-88C1-4632-BA57-E2BF5B37DC6A} = {8177073F-E1B5-4FBF-A991-808873BE77BE}
		{BA676690-8034-42E4-9BFB-9688F19C9C23} = {93B4372B-BD7A-4208-872C-B141A6C97598}
		{12272AC7-E7BC-4062-95AC-F071C742E169} = {2270292A-0709-402F-8F93-6B7695E85E38}
		{EEDC9D88-4F61-458E-AE20-80B58B781A28} = {12272AC7-E7BC-4062-95AC-F071C742E169}
		{9E9D55B6-3768-4434-AA5E-6C1A1D88DBBD} = {CC35E861-88C1-4632-BA57-E2BF5B37DC6A}
		{4B6A51E4-3E5A-4957-9B70-4B0C4F08B6A0} = {0B37FB4F-8683-46BC-9B0A-27B14F4A3D19}
		{B662D239-E134-444D-9231-7A555CA6E15E} = {B6CB441A-CC83-436E-8974-DE2A01AD74DD}
		{37F1CF65-9DC2-4E2B-BA6E-9D330E132CD1} = {8177073F-E1B5-4FBF-A991-808873BE77BE}
		{CD8F9EED-2CDC-4E3A-B865-863B16FA10D5} = {37F1CF65-9DC2-4E2B-BA6E-9D330E132CD1}
		{814BB91A-8167-45FF-A2E5-7CF80A3CD1BB} = {8177073F-E1B5-4FBF-A991-808873BE77BE}
		{3BF0607D-83CE-43A1-AE73-935EC66F9370} = {814BB91A-8167-45FF-A2E5-7CF80A3CD1BB}
		{C8C4E965-67D8-484B-9FFF-3671B832875D} = {2270292A-0709-402F-8F93-6B7695E85E38}
		{24C115FA-E6B6-459A-8AB1-423D941AEF04} = {C8C4E965-67D8-484B-9FFF-3671B832875D}
		{920EA1BC-239A-4D9B-B40F-7027DD4ACD44} = {2270292A-0709-402F-8F93-6B7695E85E38}
		{6DEEF0BF-5EEA-4BD8-8D8E-76A6173D0452} = {920EA1BC-239A-4D9B-B40F-7027DD4ACD44}
		{F6F2D25B-AFAE-44D2-A6DA-73E8B473D5FD} = {BA676690-8034-42E4-9BFB-9688F19C9C23}
		{60B9E561-51C2-4044-AB00-06F1D91C5627} = {F6F2D25B-AFAE-44D2-A6DA-73E8B473D5FD}
	EndGlobalSection
	GlobalSection(ExtensibilityGlobals) = postSolution
		SolutionGuid = {4B89293B-BDEE-4EE5-9120-F88701DB4176}
	EndGlobalSection
EndGlobal
