
Microsoft Visual Studio Solution File, Format Version 12.00
# Visual Studio Version 17
VisualStudioVersion = 17.2.32505.173
MinimumVisualStudioVersion = 10.0.40219.1
Project("{2150E333-8FDC-42A3-9474-1A3956D46DE8}") = "src", "src", "{93B4372B-BD7A-4208-872C-B141A6C97598}"
EndProject
Project("{2150E333-8FDC-42A3-9474-1A3956D46DE8}") = "Building Blocks", "Building Blocks", "{8177073F-E1B5-4FBF-A991-808873BE77BE}"
EndProject
Project("{2150E333-8FDC-42A3-9474-1A3956D46DE8}") = "Services", "Services", "{2270292A-0709-402F-8F93-6B7695E85E38}"
EndProject
Project("{2150E333-8FDC-42A3-9474-1A3956D46DE8}") = "Web", "Web", "{651C9795-1797-4C98-85C5-ECC934DB88DA}"
EndProject
Project("{2150E333-8FDC-42A3-9474-1A3956D46DE8}") = "Tests", "Tests", "{B6CB441A-CC83-436E-8974-DE2A01AD74DD}"
EndProject
Project("{2150E333-8FDC-42A3-9474-1A3956D46DE8}") = "Identity", "Identity", "{0B37FB4F-8683-46BC-9B0A-27B14F4A3D19}"
EndProject
Project("{9A19103F-16F7-4668-BE54-9A1E7A4F7556}") = "PS.WebApp", "src\Web\PS.WebApp\PS.WebApp.csproj", "{972CB977-2CD7-4299-ACAE-DBAD8D8498E1}"
EndProject
Project("{2150E333-8FDC-42A3-9474-1A3956D46DE8}") = "Core", "Core", "{CC35E861-88C1-4632-BA57-E2BF5B37DC6A}"
EndProject
Project("{2150E333-8FDC-42A3-9474-1A3956D46DE8}") = "ApiGateways", "ApiGateways", "{BA676690-8034-42E4-9BFB-9688F19C9C23}"
EndProject
Project("{2150E333-8FDC-42A3-9474-1A3956D46DE8}") = "Client", "Client", "{12272AC7-E7BC-4062-95AC-F071C742E169}"
EndProject
Project("{9A19103F-16F7-4668-BE54-9A1E7A4F7556}") = "PS.Client.API", "src\Services\PS.Client.API\PS.Client.API.csproj", "{EEDC9D88-4F61-458E-AE20-80B58B781A28}"
EndProject
Project("{9A19103F-16F7-4668-BE54-9A1E7A4F7556}") = "PS.Core", "src\Building Blocks\PS.Core\PS.Core.csproj", "{9E9D55B6-3768-4434-AA5E-6C1A1D88DBBD}"
EndProject
Project("{9A19103F-16F7-4668-BE54-9A1E7A4F7556}") = "PS.Identity.API", "src\Services\PS.Identity.API\PS.Identity.API.csproj", "{4B6A51E4-3E5A-4957-9B70-4B0C4F08B6A0}"
EndProject
Project("{FAE04EC0-301F-11D3-BF4B-00C04F79EFBC}") = "PS.Tests", "src\Tests\PS.Tests\PS.Tests.csproj", "{B662D239-E134-444D-9231-7A555CA6E15E}"
EndProject
Global
	GlobalSection(SolutionConfigurationPlatforms) = preSolution
		Debug|Any CPU = Debug|Any CPU
		Release|Any CPU = Release|Any CPU
	EndGlobalSection
	GlobalSection(ProjectConfigurationPlatforms) = postSolution
		{972CB977-2CD7-4299-ACAE-DBAD8D8498E1}.Debug|Any CPU.ActiveCfg = Debug|Any CPU
		{972CB977-2CD7-4299-ACAE-DBAD8D8498E1}.Debug|Any CPU.Build.0 = Debug|Any CPU
		{972CB977-2CD7-4299-ACAE-DBAD8D8498E1}.Release|Any CPU.ActiveCfg = Release|Any CPU
		{972CB977-2CD7-4299-ACAE-DBAD8D8498E1}.Release|Any CPU.Build.0 = Release|Any CPU
		{EEDC9D88-4F61-458E-AE20-80B58B781A28}.Debug|Any CPU.ActiveCfg = Debug|Any CPU
		{EEDC9D88-4F61-458E-AE20-80B58B781A28}.Debug|Any CPU.Build.0 = Debug|Any CPU
		{EEDC9D88-4F61-458E-AE20-80B58B781A28}.Release|Any CPU.ActiveCfg = Release|Any CPU
		{EEDC9D88-4F61-458E-AE20-80B58B781A28}.Release|Any CPU.Build.0 = Release|Any CPU
		{9E9D55B6-3768-4434-AA5E-6C1A1D88DBBD}.Debug|Any CPU.ActiveCfg = Debug|Any CPU
		{9E9D55B6-3768-4434-AA5E-6C1A1D88DBBD}.Debug|Any CPU.Build.0 = Debug|Any CPU
		{9E9D55B6-3768-4434-AA5E-6C1A1D88DBBD}.Release|Any CPU.ActiveCfg = Release|Any CPU
		{9E9D55B6-3768-4434-AA5E-6C1A1D88DBBD}.Release|Any CPU.Build.0 = Release|Any CPU
		{4B6A51E4-3E5A-4957-9B70-4B0C4F08B6A0}.Debug|Any CPU.ActiveCfg = Debug|Any CPU
		{4B6A51E4-3E5A-4957-9B70-4B0C4F08B6A0}.Debug|Any CPU.Build.0 = Debug|Any CPU
		{4B6A51E4-3E5A-4957-9B70-4B0C4F08B6A0}.Release|Any CPU.ActiveCfg = Release|Any CPU
		{4B6A51E4-3E5A-4957-9B70-4B0C4F08B6A0}.Release|Any CPU.Build.0 = Release|Any CPU
		{B662D239-E134-444D-9231-7A555CA6E15E}.Debug|Any CPU.ActiveCfg = Debug|Any CPU
		{B662D239-E134-444D-9231-7A555CA6E15E}.Debug|Any CPU.Build.0 = Debug|Any CPU
		{B662D239-E134-444D-9231-7A555CA6E15E}.Release|Any CPU.ActiveCfg = Release|Any CPU
		{B662D239-E134-444D-9231-7A555CA6E15E}.Release|Any CPU.Build.0 = Release|Any CPU
	EndGlobalSection
	GlobalSection(SolutionProperties) = preSolution
		HideSolutionNode = FALSE
	EndGlobalSection
	GlobalSection(NestedProjects) = preSolution
		{8177073F-E1B5-4FBF-A991-808873BE77BE} = {93B4372B-BD7A-4208-872C-B141A6C97598}
		{2270292A-0709-402F-8F93-6B7695E85E38} = {93B4372B-BD7A-4208-872C-B141A6C97598}
		{651C9795-1797-4C98-85C5-ECC934DB88DA} = {93B4372B-BD7A-4208-872C-B141A6C97598}
		{B6CB441A-CC83-436E-8974-DE2A01AD74DD} = {93B4372B-BD7A-4208-872C-B141A6C97598}
		{0B37FB4F-8683-46BC-9B0A-27B14F4A3D19} = {2270292A-0709-402F-8F93-6B7695E85E38}
		{972CB977-2CD7-4299-ACAE-DBAD8D8498E1} = {651C9795-1797-4C98-85C5-ECC934DB88DA}
		{CC35E861-88C1-4632-BA57-E2BF5B37DC6A} = {8177073F-E1B5-4FBF-A991-808873BE77BE}
		{BA676690-8034-42E4-9BFB-9688F19C9C23} = {93B4372B-BD7A-4208-872C-B141A6C97598}
		{12272AC7-E7BC-4062-95AC-F071C742E169} = {2270292A-0709-402F-8F93-6B7695E85E38}
		{EEDC9D88-4F61-458E-AE20-80B58B781A28} = {12272AC7-E7BC-4062-95AC-F071C742E169}
		{9E9D55B6-3768-4434-AA5E-6C1A1D88DBBD} = {CC35E861-88C1-4632-BA57-E2BF5B37DC6A}
		{4B6A51E4-3E5A-4957-9B70-4B0C4F08B6A0} = {0B37FB4F-8683-46BC-9B0A-27B14F4A3D19}
		{B662D239-E134-444D-9231-7A555CA6E15E} = {B6CB441A-CC83-436E-8974-DE2A01AD74DD}
	EndGlobalSection
	GlobalSection(ExtensibilityGlobals) = postSolution
		SolutionGuid = {4B89293B-BDEE-4EE5-9120-F88701DB4176}
	EndGlobalSection
EndGlobal
